
Microsoft Visual Studio Solution File, Format Version 12.00
# Visual Studio Version 17
VisualStudioVersion = 17.0.31903.59
MinimumVisualStudioVersion = 10.0.40219.1
Project("{FAE04EC0-301F-11D3-BF4B-00C04F79EFBC}") = "StoreHub.API", "StoreHub.API\StoreHub.API.csproj", "{BB0F8332-D5EA-47C9-AB29-419FA34141D2}"
EndProject
Project("{FAE04EC0-301F-11D3-BF4B-00C04F79EFBC}") = "StoreHub.Application", "StoreHub.Application\StoreHub.Application.csproj", "{2E6C434E-24B5-4879-9CC8-FE5D1ABCD48B}"
EndProject
Project("{FAE04EC0-301F-11D3-BF4B-00C04F79EFBC}") = "StoreHub.Domain", "StoreHub.Domain\StoreHub.Domain.csproj", "{91BDB026-552D-4621-B5D8-D622C89D22A2}"
EndProject
Project("{FAE04EC0-301F-11D3-BF4B-00C04F79EFBC}") = "StoreHub.Infrastructure", "StoreHub.Infrastructure\StoreHub.Infrastructure.csproj", "{BF4815BB-4794-4FFC-8E27-A0CE5DCBBBD5}"
EndProject
Project("{FAE04EC0-301F-11D3-BF4B-00C04F79EFBC}") = "StoreHub.Tests", "StoreHub.Tests\StoreHub.Tests.csproj", "{CE3FAC5D-2BE4-4953-9DA3-ACC88D9B4039}"
EndProject
Global
	GlobalSection(SolutionConfigurationPlatforms) = preSolution
		Debug|Any CPU = Debug|Any CPU
		Debug|x64 = Debug|x64
		Debug|x86 = Debug|x86
		Release|Any CPU = Release|Any CPU
		Release|x64 = Release|x64
		Release|x86 = Release|x86
	EndGlobalSection
	GlobalSection(ProjectConfigurationPlatforms) = postSolution
		{BB0F8332-D5EA-47C9-AB29-419FA34141D2}.Debug|Any CPU.ActiveCfg = Debug|Any CPU
		{BB0F8332-D5EA-47C9-AB29-419FA34141D2}.Debug|Any CPU.Build.0 = Debug|Any CPU
		{BB0F8332-D5EA-47C9-AB29-419FA34141D2}.Debug|x64.ActiveCfg = Debug|Any CPU
		{BB0F8332-D5EA-47C9-AB29-419FA34141D2}.Debug|x64.Build.0 = Debug|Any CPU
		{BB0F8332-D5EA-47C9-AB29-419FA34141D2}.Debug|x86.ActiveCfg = Debug|Any CPU
		{BB0F8332-D5EA-47C9-AB29-419FA34141D2}.Debug|x86.Build.0 = Debug|Any CPU
		{BB0F8332-D5EA-47C9-AB29-419FA34141D2}.Release|Any CPU.ActiveCfg = Release|Any CPU
		{BB0F8332-D5EA-47C9-AB29-419FA34141D2}.Release|Any CPU.Build.0 = Release|Any CPU
		{BB0F8332-D5EA-47C9-AB29-419FA34141D2}.Release|x64.ActiveCfg = Release|Any CPU
		{BB0F8332-D5EA-47C9-AB29-419FA34141D2}.Release|x64.Build.0 = Release|Any CPU
		{BB0F8332-D5EA-47C9-AB29-419FA34141D2}.Release|x86.ActiveCfg = Release|Any CPU
		{BB0F8332-D5EA-47C9-AB29-419FA34141D2}.Release|x86.Build.0 = Release|Any CPU
		{2E6C434E-24B5-4879-9CC8-FE5D1ABCD48B}.Debug|Any CPU.ActiveCfg = Debug|Any CPU
		{2E6C434E-24B5-4879-9CC8-FE5D1ABCD48B}.Debug|Any CPU.Build.0 = Debug|Any CPU
		{2E6C434E-24B5-4879-9CC8-FE5D1ABCD48B}.Debug|x64.ActiveCfg = Debug|Any CPU
		{2E6C434E-24B5-4879-9CC8-FE5D1ABCD48B}.Debug|x64.Build.0 = Debug|Any CPU
		{2E6C434E-24B5-4879-9CC8-FE5D1ABCD48B}.Debug|x86.ActiveCfg = Debug|Any CPU
		{2E6C434E-24B5-4879-9CC8-FE5D1ABCD48B}.Debug|x86.Build.0 = Debug|Any CPU
		{2E6C434E-24B5-4879-9CC8-FE5D1ABCD48B}.Release|Any CPU.ActiveCfg = Release|Any CPU
		{2E6C434E-24B5-4879-9CC8-FE5D1ABCD48B}.Release|Any CPU.Build.0 = Release|Any CPU
		{2E6C434E-24B5-4879-9CC8-FE5D1ABCD48B}.Release|x64.ActiveCfg = Release|Any CPU
		{2E6C434E-24B5-4879-9CC8-FE5D1ABCD48B}.Release|x64.Build.0 = Release|Any CPU
		{2E6C434E-24B5-4879-9CC8-FE5D1ABCD48B}.Release|x86.ActiveCfg = Release|Any CPU
		{2E6C434E-24B5-4879-9CC8-FE5D1ABCD48B}.Release|x86.Build.0 = Release|Any CPU
		{91BDB026-552D-4621-B5D8-D622C89D22A2}.Debug|Any CPU.ActiveCfg = Debug|Any CPU
		{91BDB026-552D-4621-B5D8-D622C89D22A2}.Debug|Any CPU.Build.0 = Debug|Any CPU
		{91BDB026-552D-4621-B5D8-D622C89D22A2}.Debug|x64.ActiveCfg = Debug|Any CPU
		{91BDB026-552D-4621-B5D8-D622C89D22A2}.Debug|x64.Build.0 = Debug|Any CPU
		{91BDB026-552D-4621-B5D8-D622C89D22A2}.Debug|x86.ActiveCfg = Debug|Any CPU
		{91BDB026-552D-4621-B5D8-D622C89D22A2}.Debug|x86.Build.0 = Debug|Any CPU
		{91BDB026-552D-4621-B5D8-D622C89D22A2}.Release|Any CPU.ActiveCfg = Release|Any CPU
		{91BDB026-552D-4621-B5D8-D622C89D22A2}.Release|Any CPU.Build.0 = Release|Any CPU
		{91BDB026-552D-4621-B5D8-D622C89D22A2}.Release|x64.ActiveCfg = Release|Any CPU
		{91BDB026-552D-4621-B5D8-D622C89D22A2}.Release|x64.Build.0 = Release|Any CPU
		{91BDB026-552D-4621-B5D8-D622C89D22A2}.Release|x86.ActiveCfg = Release|Any CPU
		{91BDB026-552D-4621-B5D8-D622C89D22A2}.Release|x86.Build.0 = Release|Any CPU
		{BF4815BB-4794-4FFC-8E27-A0CE5DCBBBD5}.Debug|Any CPU.ActiveCfg = Debug|Any CPU
		{BF4815BB-4794-4FFC-8E27-A0CE5DCBBBD5}.Debug|Any CPU.Build.0 = Debug|Any CPU
		{BF4815BB-4794-4FFC-8E27-A0CE5DCBBBD5}.Debug|x64.ActiveCfg = Debug|Any CPU
		{BF4815BB-4794-4FFC-8E27-A0CE5DCBBBD5}.Debug|x64.Build.0 = Debug|Any CPU
		{BF4815BB-4794-4FFC-8E27-A0CE5DCBBBD5}.Debug|x86.ActiveCfg = Debug|Any CPU
		{BF4815BB-4794-4FFC-8E27-A0CE5DCBBBD5}.Debug|x86.Build.0 = Debug|Any CPU
		{BF4815BB-4794-4FFC-8E27-A0CE5DCBBBD5}.Release|Any CPU.ActiveCfg = Release|Any CPU
		{BF4815BB-4794-4FFC-8E27-A0CE5DCBBBD5}.Release|Any CPU.Build.0 = Release|Any CPU
		{BF4815BB-4794-4FFC-8E27-A0CE5DCBBBD5}.Release|x64.ActiveCfg = Release|Any CPU
		{BF4815BB-4794-4FFC-8E27-A0CE5DCBBBD5}.Release|x64.Build.0 = Release|Any CPU
		{BF4815BB-4794-4FFC-8E27-A0CE5DCBBBD5}.Release|x86.ActiveCfg = Release|Any CPU
		{BF4815BB-4794-4FFC-8E27-A0CE5DCBBBD5}.Release|x86.Build.0 = Release|Any CPU
		{CE3FAC5D-2BE4-4953-9DA3-ACC88D9B4039}.Debug|Any CPU.ActiveCfg = Debug|Any CPU
		{CE3FAC5D-2BE4-4953-9DA3-ACC88D9B4039}.Debug|Any CPU.Build.0 = Debug|Any CPU
		{CE3FAC5D-2BE4-4953-9DA3-ACC88D9B4039}.Debug|x64.ActiveCfg = Debug|Any CPU
		{CE3FAC5D-2BE4-4953-9DA3-ACC88D9B4039}.Debug|x64.Build.0 = Debug|Any CPU
		{CE3FAC5D-2BE4-4953-9DA3-ACC88D9B4039}.Debug|x86.ActiveCfg = Debug|Any CPU
		{CE3FAC5D-2BE4-4953-9DA3-ACC88D9B4039}.Debug|x86.Build.0 = Debug|Any CPU
		{CE3FAC5D-2BE4-4953-9DA3-ACC88D9B4039}.Release|Any CPU.ActiveCfg = Release|Any CPU
		{CE3FAC5D-2BE4-4953-9DA3-ACC88D9B4039}.Release|Any CPU.Build.0 = Release|Any CPU
		{CE3FAC5D-2BE4-4953-9DA3-ACC88D9B4039}.Release|x64.ActiveCfg = Release|Any CPU
		{CE3FAC5D-2BE4-4953-9DA3-ACC88D9B4039}.Release|x64.Build.0 = Release|Any CPU
		{CE3FAC5D-2BE4-4953-9DA3-ACC88D9B4039}.Release|x86.ActiveCfg = Release|Any CPU
		{CE3FAC5D-2BE4-4953-9DA3-ACC88D9B4039}.Release|x86.Build.0 = Release|Any CPU
	EndGlobalSection
	GlobalSection(SolutionProperties) = preSolution
		HideSolutionNode = FALSE
	EndGlobalSection
EndGlobal
